
Microsoft Visual Studio Solution File, Format Version 12.00
# Visual Studio 15
VisualStudioVersion = 15.0.26730.16
MinimumVisualStudioVersion = 10.0.40219.1
Project("{8BC9CEB8-8B4A-11D0-8D11-00A0C91BC942}") = "RayTracing", "RayTracing.vcxproj", "{56DD084D-9A9E-4A2A-90EC-E92E0B3DBAF8}"
EndProject
Global
	GlobalSection(SolutionConfigurationPlatforms) = preSolution
		Debug|x64 = Debug|x64
		Debug|x86 = Debug|x86
		Release|x64 = Release|x64
		Release|x86 = Release|x86
	EndGlobalSection
	GlobalSection(ProjectConfigurationPlatforms) = postSolution
		{56DD084D-9A9E-4A2A-90EC-E92E0B3DBAF8}.Debug|x64.ActiveCfg = Debug|x64
		{56DD084D-9A9E-4A2A-90EC-E92E0B3DBAF8}.Debug|x64.Build.0 = Debug|x64
		{56DD084D-9A9E-4A2A-90EC-E92E0B3DBAF8}.Debug|x86.ActiveCfg = Debug|Win32
		{56DD084D-9A9E-4A2A-90EC-E92E0B3DBAF8}.Debug|x86.Build.0 = Debug|Win32
		{56DD084D-9A9E-4A2A-90EC-E92E0B3DBAF8}.Release|x64.ActiveCfg = Release|x64
		{56DD084D-9A9E-4A2A-90EC-E92E0B3DBAF8}.Release|x64.Build.0 = Release|x64
		{56DD084D-9A9E-4A2A-90EC-E92E0B3DBAF8}.Release|x86.ActiveCfg = Release|Win32
		{56DD084D-9A9E-4A2A-90EC-E92E0B3DBAF8}.Release|x86.Build.0 = Release|Win32
	EndGlobalSection
	GlobalSection(SolutionProperties) = preSolution
		HideSolutionNode = FALSE
	EndGlobalSection
	GlobalSection(ExtensibilityGlobals) = postSolution
		SolutionGuid = {BF3AE04F-8B54-4B90-87AA-24EA10263A53}
	EndGlobalSection
EndGlobal
